
Microsoft Visual Studio Solution File, Format Version 12.00
# Visual Studio Version 16
VisualStudioVersion = 16.0.32002.261
MinimumVisualStudioVersion = 10.0.40219.1
Project("{9A19103F-16F7-4668-BE54-9A1E7A4F7556}") = "CharmCrab", "CharmCrab.csproj", "{DA4E96DF-A5EC-4A51-B8B1-BDE491C80D5C}"
EndProject
Global
	GlobalSection(SolutionConfigurationPlatforms) = preSolution
		Debug|Any CPU = Debug|Any CPU
		Release|Any CPU = Release|Any CPU
	EndGlobalSection
	GlobalSection(ProjectConfigurationPlatforms) = postSolution
		{DA4E96DF-A5EC-4A51-B8B1-BDE491C80D5C}.Debug|Any CPU.ActiveCfg = Debug|Any CPU
		{DA4E96DF-A5EC-4A51-B8B1-BDE491C80D5C}.Debug|Any CPU.Build.0 = Debug|Any CPU
		{DA4E96DF-A5EC-4A51-B8B1-BDE491C80D5C}.Release|Any CPU.ActiveCfg = Release|Any CPU
		{DA4E96DF-A5EC-4A51-B8B1-BDE491C80D5C}.Release|Any CPU.Build.0 = Release|Any CPU
	EndGlobalSection
	GlobalSection(SolutionProperties) = preSolution
		HideSolutionNode = FALSE
	EndGlobalSection
	GlobalSection(ExtensibilityGlobals) = postSolution
		SolutionGuid = {3D091EAE-FAC3-43CE-8E27-9542930129E7}
	EndGlobalSection
EndGlobal
